
Microsoft Visual Studio Solution File, Format Version 12.00
# Visual Studio Version 17
VisualStudioVersion = 17.9.34723.18
MinimumVisualStudioVersion = 10.0.40219.1
Project("{FAE04EC0-301F-11D3-BF4B-00C04F79EFBC}") = "WpfApp1", "WpfApp1\WpfApp1.csproj", "{B67855F8-AF7D-43F5-8BED-525DF7EBE080}"
EndProject
Global
	GlobalSection(SolutionConfigurationPlatforms) = preSolution
		Debug|Any CPU = Debug|Any CPU
		Release|Any CPU = Release|Any CPU
	EndGlobalSection
	GlobalSection(ProjectConfigurationPlatforms) = postSolution
		{B67855F8-AF7D-43F5-8BED-525DF7EBE080}.Debug|Any CPU.ActiveCfg = Debug|Any CPU
		{B67855F8-AF7D-43F5-8BED-525DF7EBE080}.Debug|Any CPU.Build.0 = Debug|Any CPU
		{B67855F8-AF7D-43F5-8BED-525DF7EBE080}.Release|Any CPU.ActiveCfg = Release|Any CPU
		{B67855F8-AF7D-43F5-8BED-525DF7EBE080}.Release|Any CPU.Build.0 = Release|Any CPU
	EndGlobalSection
	GlobalSection(SolutionProperties) = preSolution
		HideSolutionNode = FALSE
	EndGlobalSection
	GlobalSection(ExtensibilityGlobals) = postSolution
		SolutionGuid = {6647BB94-FBB7-4A35-98B1-2827967D58E9}
	EndGlobalSection
EndGlobal
